
Microsoft Visual Studio Solution File, Format Version 12.00
# Visual Studio Version 16
VisualStudioVersion = 16.0.29709.97
MinimumVisualStudioVersion = 10.0.40219.1
Project("{FAE04EC0-301F-11D3-BF4B-00C04F79EFBC}") = "Tarea_1", "Tarea_1\Tarea_1.csproj", "{C6EF4895-77B6-4646-B9DD-58CDE6C5F070}"
EndProject
Global
	GlobalSection(SolutionConfigurationPlatforms) = preSolution
		Debug|Any CPU = Debug|Any CPU
		Release|Any CPU = Release|Any CPU
	EndGlobalSection
	GlobalSection(ProjectConfigurationPlatforms) = postSolution
		{C6EF4895-77B6-4646-B9DD-58CDE6C5F070}.Debug|Any CPU.ActiveCfg = Debug|Any CPU
		{C6EF4895-77B6-4646-B9DD-58CDE6C5F070}.Debug|Any CPU.Build.0 = Debug|Any CPU
		{C6EF4895-77B6-4646-B9DD-58CDE6C5F070}.Release|Any CPU.ActiveCfg = Release|Any CPU
		{C6EF4895-77B6-4646-B9DD-58CDE6C5F070}.Release|Any CPU.Build.0 = Release|Any CPU
	EndGlobalSection
	GlobalSection(SolutionProperties) = preSolution
		HideSolutionNode = FALSE
	EndGlobalSection
	GlobalSection(ExtensibilityGlobals) = postSolution
		SolutionGuid = {B67A6839-AD69-45A8-8E36-803786E33A24}
	EndGlobalSection
EndGlobal
